dependencies:
- name: nats
  repository: https://nats-io.github.io/k8s/helm/charts/
  version: 1.3.2
- name: nack
  repository: https://nats-io.github.io/k8s/helm/charts/
  version: 0.28.0
- name: alethic-ism-api
  repository: file://alethic-ism-api
  version: 0.1.0
- name: alethic-ism-ui
  repository: file://alethic-ism-ui
  version: 0.1.0
- name: alethic-ism-monitor
  repository: file://alethic-ism-monitor
  version: 0.1.0
- name: alethic-ism-state-router
  repository: file://alethic-ism-state-router
  version: 0.1.0
- name: alethic-ism-usage
  repository: file://alethic-ism-usage
  version: 0.1.0
- name: alethic-ism-state-sync-store
  repository: file://alethic-ism-state-sync-store
  version: 0.1.0
- name: alethic-ism-processor-openai
  repository: file://alethic-ism-processor-openai
  version: 0.1.0
- name: alethic-ism-processor-anthropic
  repository: file://alethic-ism-processor-anthropic
  version: 0.1.0
digest: sha256:fe621be4949bb8a4c2234d04ea7ac2e1bc7d6c04c5fe3c6794032b78d1ed1f3d
generated: "2025-04-09T16:24:31.356838-07:00"
